<Solution>
  <Project Path="RecruitAI.Api/RecruitAI.Api.csproj" />
  <Project Path="RecruitAI.Application/RecruitAI.Application.csproj" Id="052c92b9-283f-4458-a39c-3442f3da4804" />
  <Project Path="RecruitAI.Domain/RecruitAI.Domain.csproj" />
  <Project Path="RecruitAI.Infrastructure/RecruitAI.Infrastructure.csproj" />
</Solution>
